
Microsoft Visual Studio Solution File, Format Version 12.00
# Visual Studio 15
VisualStudioVersion = 15.0.27703.2000
MinimumVisualStudioVersion = 10.0.40219.1
Project("{E24C65DC-7377-472B-9ABA-BC803B73C61A}") = "lifeisstrangebridge", "lifeisstrangebridge\", "{78182B71-0382-4BCD-BCD4-194B1DF32BBC}"
	ProjectSection(WebsiteProperties) = preProject
		TargetFrameworkMoniker = ".NETFramework,Version%3Dv4.6.1"
		Debug.AspNetCompiler.VirtualPath = "/localhost_52148"
		Debug.AspNetCompiler.PhysicalPath = "lifeisstrangebridge\"
		Debug.AspNetCompiler.TargetPath = "PrecompiledWeb\localhost_52148\"
		Debug.AspNetCompiler.Updateable = "true"
		Debug.AspNetCompiler.ForceOverwrite = "true"
		Debug.AspNetCompiler.FixedNames = "false"
		Debug.AspNetCompiler.Debug = "True"
		Release.AspNetCompiler.VirtualPath = "/localhost_52148"
		Release.AspNetCompiler.PhysicalPath = "lifeisstrangebridge\"
		Release.AspNetCompiler.TargetPath = "PrecompiledWeb\localhost_52148\"
		Release.AspNetCompiler.Updateable = "true"
		Release.AspNetCompiler.ForceOverwrite = "true"
		Release.AspNetCompiler.FixedNames = "false"
		Release.AspNetCompiler.Debug = "False"
		VWDPort = "52148"
		SlnRelativePath = "lifeisstrangebridge\"
		DefaultWebSiteLanguage = "Visual C#"
	EndProjectSection
EndProject
Global
	GlobalSection(SolutionConfigurationPlatforms) = preSolution
		Debug|Any CPU = Debug|Any CPU
	EndGlobalSection
	GlobalSection(ProjectConfigurationPlatforms) = postSolution
		{78182B71-0382-4BCD-BCD4-194B1DF32BBC}.Debug|Any CPU.ActiveCfg = Debug|Any CPU
		{78182B71-0382-4BCD-BCD4-194B1DF32BBC}.Debug|Any CPU.Build.0 = Debug|Any CPU
	EndGlobalSection
	GlobalSection(SolutionProperties) = preSolution
		HideSolutionNode = FALSE
	EndGlobalSection
	GlobalSection(ExtensibilityGlobals) = postSolution
		SolutionGuid = {6A1B35A3-5141-4581-83B0-EED80CDE4B53}
	EndGlobalSection
EndGlobal
